version = 1
revision = 2
requires-python = ">=3.13"

[[package]]
name = "ansicon"
version = "1.89.0"
source = { registry = "https://pypi.org/simple" }
sdist = { url = "https://files.pythonhosted.org/packages/b6/e2/1c866404ddbd280efedff4a9f15abfe943cb83cde6e895022370f3a61f85/ansicon-1.89.0.tar.gz", hash = "sha256:e4d039def5768a47e4afec8e89e83ec3ae5a26bf00ad851f914d1240b444d2b1", size = 67312, upload-time = "2019-04-29T20:23:57.314Z" }
wheels = [
    { url = "https://files.pythonhosted.org/packages/75/f9/f1c10e223c7b56a38109a3f2eb4e7fe9a757ea3ed3a166754fb30f65e466/ansicon-1.89.0-py2.py3-none-any.whl", hash = "sha256:f1def52d17f65c2c9682cf8370c03f541f410c1752d6a14029f97318e4b9dfec", size = 63675, upload-time = "2019-04-29T20:23:53.83Z" },
]

[[package]]
name = "astor"
version = "0.8.1"
source = { registry = "https://pypi.org/simple" }
sdist = { url = "https://files.pythonhosted.org/packages/5a/21/75b771132fee241dfe601d39ade629548a9626d1d39f333fde31bc46febe/astor-0.8.1.tar.gz", hash = "sha256:6a6effda93f4e1ce9f618779b2dd1d9d84f1e32812c23a29b3fff6fd7f63fa5e", size = 35090, upload-time = "2019-12-10T01:50:35.51Z" }
wheels = [
    { url = "https://files.pythonhosted.org/packages/c3/88/97eef84f48fa04fbd6750e62dcceafba6c63c81b7ac1420856c8dcc0a3f9/astor-0.8.1-py2.py3-none-any.whl", hash = "sha256:070a54e890cefb5b3739d19f30f5a5ec840ffc9c50ffa7d23cc9fc1a38ebbfc5", size = 27488, upload-time = "2019-12-10T01:50:33.628Z" },
]

[[package]]
name = "astroid"
version = "3.3.10"
source = { registry = "https://pypi.org/simple" }
sdist = { url = "https://files.pythonhosted.org/packages/00/c2/9b2de9ed027f9fe5734a6c0c0a601289d796b3caaf1e372e23fa88a73047/astroid-3.3.10.tar.gz", hash = "sha256:c332157953060c6deb9caa57303ae0d20b0fbdb2e59b4a4f2a6ba49d0a7961ce", size = 398941, upload-time = "2025-05-10T13:33:10.405Z" }
wheels = [
    { url = "https://files.pythonhosted.org/packages/15/58/5260205b9968c20b6457ed82f48f9e3d6edf2f1f95103161798b73aeccf0/astroid-3.3.10-py3-none-any.whl", hash = "sha256:104fb9cb9b27ea95e847a94c003be03a9e039334a8ebca5ee27dafaf5c5711eb", size = 275388, upload-time = "2025-05-10T13:33:08.391Z" },
]

[[package]]
name = "attrs"
version = "25.3.0"
source = { registry = "https://pypi.org/simple" }
sdist = { url = "https://files.pythonhosted.org/packages/5a/b0/1367933a8532ee6ff8d63537de4f1177af4bff9f3e829baf7331f595bb24/attrs-25.3.0.tar.gz", hash = "sha256:75d7cefc7fb576747b2c81b4442d4d4a1ce0900973527c011d1030fd3bf4af1b", size = 812032, upload-time = "2025-03-13T11:10:22.779Z" }
wheels = [
    { url = "https://files.pythonhosted.org/packages/77/06/bb80f5f86020c4551da315d78b3ab75e8228f89f0162f2c3a819e407941a/attrs-25.3.0-py3-none-any.whl", hash = "sha256:427318ce031701fea540783410126f03899a97ffc6f61596ad581ac2e40e3bc3", size = 63815, upload-time = "2025-03-13T11:10:21.14Z" },
]

[[package]]
name = "blessed"
version = "1.21.0"
source = { registry = "https://pypi.org/simple" }
dependencies = [
    { name = "jinxed", marker = "sys_platform == 'win32'" },
    { name = "wcwidth" },
]
sdist = { url = "https://files.pythonhosted.org/packages/0c/5e/3cada2f7514ee2a76bb8168c71f9b65d056840ebb711962e1ec08eeaa7b0/blessed-1.21.0.tar.gz", hash = "sha256:ece8bbc4758ab9176452f4e3a719d70088eb5739798cd5582c9e05f2a28337ec", size = 6660011, upload-time = "2025-04-26T21:56:58.199Z" }
wheels = [
    { url = "https://files.pythonhosted.org/packages/ea/8e/0a37e44878fd76fac9eff5355a1bf760701f53cb5c38cdcd59a8fd9ab2a2/blessed-1.21.0-py2.py3-none-any.whl", hash = "sha256:f831e847396f5a2eac6c106f4dfadedf46c4f804733574b15fe86d2ed45a9588", size = 84727, upload-time = "2025-04-26T16:58:29.919Z" },
]

[[package]]
name = "colorama"
version = "0.4.6"
source = { registry = "https://pypi.org/simple" }
sdist = { url = "https://files.pythonhosted.org/packages/d8/53/6f443c9a4a8358a93a6792e2acffb9d9d5cb0a5cfd8802644b7b1c9a02e4/colorama-0.4.6.tar.gz", hash = "sha256:08695f5cb7ed6e0531a20572697297273c47b8cae5a63ffc6d6ed5c201be6e44", size = 27697, upload-time = "2022-10-25T02:36:22.414Z" }
wheels = [
    { url = "https://files.pythonhosted.org/packages/d1/d6/3965ed04c63042e047cb6a3e6ed1a63a35087b6a609aa3a15ed8ac56c221/colorama-0.4.6-py2.py3-none-any.whl", hash = "sha256:4f1d9991f5acc0ca119f9d443620b77f9d6b33703e51011c16baf57afb285fc6", size = 25335, upload-time = "2022-10-25T02:36:20.889Z" },
]

[[package]]
name = "dill"
version = "0.4.0"
source = { registry = "https://pypi.org/simple" }
sdist = { url = "https://files.pythonhosted.org/packages/12/80/630b4b88364e9a8c8c5797f4602d0f76ef820909ee32f0bacb9f90654042/dill-0.4.0.tar.gz", hash = "sha256:0633f1d2df477324f53a895b02c901fb961bdbf65a17122586ea7019292cbcf0", size = 186976, upload-time = "2025-04-16T00:41:48.867Z" }
wheels = [
    { url = "https://files.pythonhosted.org/packages/50/3d/9373ad9c56321fdab5b41197068e1d8c25883b3fea29dd361f9b55116869/dill-0.4.0-py3-none-any.whl", hash = "sha256:44f54bf6412c2c8464c14e8243eb163690a9800dbe2c367330883b19c7561049", size = 119668, upload-time = "2025-04-16T00:41:47.671Z" },
]

[[package]]
name = "editor"
version = "1.6.6"
source = { registry = "https://pypi.org/simple" }
dependencies = [
    { name = "runs" },
    { name = "xmod" },
]
sdist = { url = "https://files.pythonhosted.org/packages/2a/92/734a4ab345914259cb6146fd36512608ea42be16195375c379046f33283d/editor-1.6.6.tar.gz", hash = "sha256:bb6989e872638cd119db9a4fce284cd8e13c553886a1c044c6b8d8a160c871f8", size = 3197, upload-time = "2024-01-25T10:44:59.909Z" }
wheels = [
    { url = "https://files.pythonhosted.org/packages/1b/c2/4bc8cd09b14e28ce3f406a8b05761bed0d785d1ca8c2a5c6684d884c66a2/editor-1.6.6-py3-none-any.whl", hash = "sha256:e818e6913f26c2a81eadef503a2741d7cca7f235d20e217274a009ecd5a74abf", size = 4017, upload-time = "2024-01-25T10:44:58.66Z" },
]

[[package]]
name = "eradicate"
version = "2.3.0"
source = { registry = "https://pypi.org/simple" }
sdist = { url = "https://files.pythonhosted.org/packages/7a/e1/665186aedea2d6ebf0415cf97c0629c8123a721e7afc417deeade5598215/eradicate-2.3.0.tar.gz", hash = "sha256:06df115be3b87d0fc1c483db22a2ebb12bcf40585722810d809cc770f5031c37", size = 8536, upload-time = "2023-06-09T06:31:41.814Z" }
wheels = [
    { url = "https://files.pythonhosted.org/packages/90/c2/533e1338429aeba1f089566a2314d69d3e78ab57a73006f16a923bf2b24c/eradicate-2.3.0-py3-none-any.whl", hash = "sha256:2b29b3dd27171f209e4ddd8204b70c02f0682ae95eecb353f10e8d72b149c63e", size = 6113, upload-time = "2023-06-09T06:31:40.209Z" },
]

[[package]]
name = "flake8"
version = "7.2.0"
source = { registry = "https://pypi.org/simple" }
dependencies = [
    { name = "mccabe" },
    { name = "pycodestyle" },
    { name = "pyflakes" },
]
sdist = { url = "https://files.pythonhosted.org/packages/e7/c4/5842fc9fc94584c455543540af62fd9900faade32511fab650e9891ec225/flake8-7.2.0.tar.gz", hash = "sha256:fa558ae3f6f7dbf2b4f22663e5343b6b6023620461f8d4ff2019ef4b5ee70426", size = 48177, upload-time = "2025-03-29T20:08:39.329Z" }
wheels = [
    { url = "https://files.pythonhosted.org/packages/83/5c/0627be4c9976d56b1217cb5187b7504e7fd7d3503f8bfd312a04077bd4f7/flake8-7.2.0-py2.py3-none-any.whl", hash = "sha256:93b92ba5bdb60754a6da14fa3b93a9361fd00a59632ada61fd7b130436c40343", size = 57786, upload-time = "2025-03-29T20:08:37.902Z" },
]

[[package]]
name = "flake8-2020"
version = "1.8.1"
source = { registry = "https://pypi.org/simple" }
dependencies = [
    { name = "flake8" },
]
sdist = { url = "https://files.pythonhosted.org/packages/cf/0b/e71a0d9efd854a631e2d51707676886997c73bec70c3c221b84601b976d2/flake8_2020-1.8.1.tar.gz", hash = "sha256:094ea95e8b614c3bd123fd4f007be28ec117ca57a6169903d4baaabe78e3e590", size = 4527, upload-time = "2023-06-10T19:05:11.43Z" }
wheels = [
    { url = "https://files.pythonhosted.org/packages/36/f0/14c6c25768ddc81999733e7bed89e9285b273920505180155e351ed92dc5/flake8_2020-1.8.1-py2.py3-none-any.whl", hash = "sha256:59b6b8ac01cde10ef11b31a2c9aa15b4509d828ae115ee5be34464b9e4de4ea6", size = 4885, upload-time = "2023-06-10T19:05:09.965Z" },
]

[[package]]
name = "flake8-breakpoint"
version = "1.1.0"
source = { registry = "https://pypi.org/simple" }
dependencies = [
    { name = "flake8-plugin-utils" },
]
sdist = { url = "https://files.pythonhosted.org/packages/86/51/45dfed762abbe6524d320ac637c1784964e4d8d9783c8eff1fc868ce1ddb/flake8-breakpoint-1.1.0.tar.gz", hash = "sha256:5bc70d478f0437a3655d094e1d2fca81ddacabaa84d99db45ad3630bf2004064", size = 3097, upload-time = "2019-05-23T11:41:35.667Z" }
wheels = [
    { url = "https://files.pythonhosted.org/packages/69/22/990024226c6d32fca7cba5c9d76ed1c18833d4cdbe02faf3012d1c17f6ad/flake8_breakpoint-1.1.0-py3-none-any.whl", hash = "sha256:27e0cb132647f9ef348b4a3c3126e7350bedbb22e8e221cd11712a223855ea0b", size = 5118, upload-time = "2019-05-23T11:41:37.151Z" },
]

[[package]]
name = "flake8-bugbear"
version = "24.12.12"
source = { registry = "https://pypi.org/simple" }
dependencies = [
    { name = "attrs" },
    { name = "flake8" },
]
sdist = { url = "https://files.pythonhosted.org/packages/c7/25/48ba712ff589b0149f21135234f9bb45c14d6689acc6151b5e2ff8ac2ae9/flake8_bugbear-24.12.12.tar.gz", hash = "sha256:46273cef0a6b6ff48ca2d69e472f41420a42a46e24b2a8972e4f0d6733d12a64", size = 82907, upload-time = "2024-12-12T16:49:26.307Z" }
wheels = [
    { url = "https://files.pythonhosted.org/packages/b9/21/0a875f75fbe4008bd171e2fefa413536258fe6b4cfaaa087986de74588f4/flake8_bugbear-24.12.12-py3-none-any.whl", hash = "sha256:1b6967436f65ca22a42e5373aaa6f2d87966ade9aa38d4baf2a1be550767545e", size = 36664, upload-time = "2024-12-12T16:49:23.584Z" },
]

[[package]]
name = "flake8-eradicate"
version = "1.5.0"
source = { registry = "https://pypi.org/simple" }
dependencies = [
    { name = "attrs" },
    { name = "eradicate" },
    { name = "flake8" },
]
sdist = { url = "https://files.pythonhosted.org/packages/9e/72/a3975dfa4287396e9fb8fc2b4ee94a80d0809babbf92abed5af9c8e29c95/flake8_eradicate-1.5.0.tar.gz", hash = "sha256:aee636cb9ecb5594a7cd92d67ad73eb69909e5cc7bd81710cf9d00970f3983a6", size = 4508, upload-time = "2023-05-31T09:57:15.484Z" }
wheels = [
    { url = "https://files.pythonhosted.org/packages/e2/a9/1319b9e5eeb7d948f6db0b0ed4209bae0ec12d30ab3ee43a0ac1d8ce455f/flake8_eradicate-1.5.0-py3-none-any.whl", hash = "sha256:18acc922ad7de623f5247c7d5595da068525ec5437dd53b22ec2259b96ce9d22", size = 5144, upload-time = "2023-05-31T09:57:13.589Z" },
]

[[package]]
name = "flake8-executable"
version = "2.1.3"
source = { registry = "https://pypi.org/simple" }
dependencies = [
    { name = "flake8" },
]
sdist = { url = "https://files.pythonhosted.org/packages/3b/41/f0687401d76d6031aa5fc447615e1a337308a9c5c586913f70c5a2abe832/flake8-executable-2.1.3.tar.gz", hash = "sha256:619fe023e00c3d8e5113521d7200e1ebb04587c12d157f9a2fb167feb8cae66b", size = 23035, upload-time = "2023-01-23T00:39:57.537Z" }
wheels = [
    { url = "https://files.pythonhosted.org/packages/bc/d7/311104f82226a6b108f7f05c56cfb7fe773847a879f622d6450ab0a227b3/flake8_executable-2.1.3-py3-none-any.whl", hash = "sha256:f0a66c97c3b99ce63bc1f01ce602d6bd048e4fc5dc0d7a13be2bfa3deb023a34", size = 35302, upload-time = "2023-01-23T00:39:55.485Z" },
]

[[package]]
name = "flake8-fixme"
version = "1.1.1"
source = { registry = "https://pypi.org/simple" }
sdist = { url = "https://files.pythonhosted.org/packages/58/96/51adbf26b1cc4c2f3a434fa06972a6bc9b3d96f6a4c04dfe9a604b5ce10e/flake8-fixme-1.1.1.tar.gz", hash = "sha256:50cade07d27a4c30d4f12351478df87339e67640c83041b664724bda6d16f33a", size = 3423, upload-time = "2019-05-06T19:06:45.852Z" }
wheels = [
    { url = "https://files.pythonhosted.org/packages/c6/a2/f3c813f06cbc1b38b1a1e3647ae204254844c7f28ce9c8eaee053d14e43d/flake8_fixme-1.1.1-py2.py3-none-any.whl", hash = "sha256:226a6f2ef916730899f29ac140bed5d4a17e5aba79f00a0e3ae1eff1997cb1ac", size = 7975, upload-time = "2019-05-06T19:06:44.658Z" },
]

[[package]]
name = "flake8-isort"
version = "6.1.2"
source = { registry = "https://pypi.org/simple" }
dependencies = [
    { name = "flake8" },
    { name = "isort" },
]
sdist = { url = "https://files.pythonhosted.org/packages/7c/ea/2f2662d4fefa6ab335c7119cb28e5bc57c935a86a69a7f72df3ea5fe7b2c/flake8_isort-6.1.2.tar.gz", hash = "sha256:9d0452acdf0e1cd6f2d6848e3605e66b54d920e73471fb4744eef0f93df62d5d", size = 17756, upload-time = "2025-01-29T12:29:25.753Z" }
wheels = [
    { url = "https://files.pythonhosted.org/packages/b3/10/295e982874f2a94f309baf7c45f852a191c87d59bd846b1701332303783f/flake8_isort-6.1.2-py3-none-any.whl", hash = "sha256:549197dedf0273502fb74f04c080beed9e62a7eb70244610413d27052e78bd3b", size = 18385, upload-time = "2025-01-29T12:29:23.46Z" },
]

[[package]]
name = "flake8-plugin-utils"
version = "1.3.3"
source = { registry = "https://pypi.org/simple" }
sdist = { url = "https://files.pythonhosted.org/packages/51/14/53727a2bc5bbda1e1f7e266e0e2d2718e5eb6c943a1e8cc2b33e5af002e0/flake8-plugin-utils-1.3.3.tar.gz", hash = "sha256:39f6f338d038b301c6fd344b06f2e81e382b68fa03c0560dff0d9b1791a11a2c", size = 10459, upload-time = "2023-06-26T16:42:20.946Z" }
wheels = [
    { url = "https://files.pythonhosted.org/packages/da/a7/23c012c9becaacb24e9ba8e359e48db5f96982d505e38a3e7003902c5b9f/flake8_plugin_utils-1.3.3-py3-none-any.whl", hash = "sha256:e4848c57d9d50f19100c2d75fa794b72df068666a9041b4b0409be923356a3ed", size = 9664, upload-time = "2023-06-26T16:42:23.939Z" },
]

[[package]]
name = "flake8-raise"
version = "0.0.5"
source = { registry = "https://pypi.org/simple" }
dependencies = [
    { name = "flake8" },
]
sdist = { url = "https://files.pythonhosted.org/packages/45/3d/0211d7fb77b3bc6c49495575de4dd07b2ca6fc90a6784bca6097ec980cb9/flake8-raise-0.0.5.tar.gz", hash = "sha256:0a9890e16b851402d9b0d4fafe6c34890eab73835a2c2079c3850a25be575623", size = 5524, upload-time = "2020-01-26T13:53:15.354Z" }
wheels = [
    { url = "https://files.pythonhosted.org/packages/da/b7/b8edb1ae5c517b8d3cd693129daab16282c5a4b4fc6ad4522cedc29eba61/flake8_raise-0.0.5-py3-none-any.whl", hash = "sha256:df26e5c542a58c8f8786d978e18ad7e54126a0ef5c6241c35dafaca7e2bbb808", size = 3694, upload-time = "2020-01-26T13:53:13.431Z" },
]

[[package]]
name = "flake8-simplify"
version = "0.21.0"
source = { registry = "https://pypi.org/simple" }
dependencies = [
    { name = "astor" },
    { name = "flake8" },
]
sdist = { url = "https://files.pythonhosted.org/packages/32/c0/4cd41ef29b5b19da0c87c1de6f7cbae3b238b991e0e12f2d65bf29eea34f/flake8_simplify-0.21.0.tar.gz", hash = "sha256:c95ff1dcc1de5949af47e0087cbf1164445881131b15bcd7a71252670f492f4d", size = 34055, upload-time = "2023-09-23T21:40:25.43Z" }
wheels = [
    { url = "https://files.pythonhosted.org/packages/e6/c5/832d27af89939d06b43cf36138ffaf27e5b38e0d2b82183ef46110ebeb96/flake8_simplify-0.21.0-py3-none-any.whl", hash = "sha256:439391e762a9370b371208add0b5c5c40c3d25a98e1f5421d263215d08194183", size = 26884, upload-time = "2023-09-23T21:40:23.107Z" },
]

[[package]]
name = "flake8-super"
version = "0.1.3"
source = { registry = "https://pypi.org/simple" }
dependencies = [
    { name = "flake8" },
    { name = "flake8-plugin-utils" },
]
wheels = [
    { url = "https://files.pythonhosted.org/packages/4f/44/96e6933425f4ae28f8eab69aa7b7bb7d04ca668ffe01b1a9005e95f6366b/flake8_super-0.1.3-py3-none-any.whl", hash = "sha256:595cd65af908574867accfaa3ea2b3e4790637711859306550dc433d9105cbba", size = 3439, upload-time = "2021-05-31T07:19:38.166Z" },
]

[[package]]
name = "inquirer"
version = "3.4.0"
source = { registry = "https://pypi.org/simple" }
dependencies = [
    { name = "blessed" },
    { name = "editor" },
    { name = "readchar" },
]
sdist = { url = "https://files.pythonhosted.org/packages/f3/06/ef91eb8f3feafb736aa33dcb278fc9555d17861aa571b684715d095db24d/inquirer-3.4.0.tar.gz", hash = "sha256:8edc99c076386ee2d2204e5e3653c2488244e82cb197b2d498b3c1b5ffb25d0b", size = 14472, upload-time = "2024-08-12T12:03:43.83Z" }
wheels = [
    { url = "https://files.pythonhosted.org/packages/a4/b2/be907c8c0f8303bc4b10089f5470014c3bf3521e9b8d3decf3037fd94725/inquirer-3.4.0-py3-none-any.whl", hash = "sha256:bb0ec93c833e4ce7b51b98b1644b0a4d2bb39755c39787f6a504e4fee7a11b60", size = 18077, upload-time = "2024-08-12T12:03:41.589Z" },
]

[[package]]
name = "isort"
version = "6.0.1"
source = { registry = "https://pypi.org/simple" }
sdist = { url = "https://files.pythonhosted.org/packages/b8/21/1e2a441f74a653a144224d7d21afe8f4169e6c7c20bb13aec3a2dc3815e0/isort-6.0.1.tar.gz", hash = "sha256:1cb5df28dfbc742e490c5e41bad6da41b805b0a8be7bc93cd0fb2a8a890ac450", size = 821955, upload-time = "2025-02-26T21:13:16.955Z" }
wheels = [
    { url = "https://files.pythonhosted.org/packages/c1/11/114d0a5f4dabbdcedc1125dee0888514c3c3b16d3e9facad87ed96fad97c/isort-6.0.1-py3-none-any.whl", hash = "sha256:2dc5d7f65c9678d94c88dfc29161a320eec67328bc97aad576874cb4be1e9615", size = 94186, upload-time = "2025-02-26T21:13:14.911Z" },
]

[[package]]
name = "jinxed"
version = "1.3.0"
source = { registry = "https://pypi.org/simple" }
dependencies = [
    { name = "ansicon", marker = "sys_platform == 'win32'" },
]
sdist = { url = "https://files.pythonhosted.org/packages/20/d0/59b2b80e7a52d255f9e0ad040d2e826342d05580c4b1d7d7747cfb8db731/jinxed-1.3.0.tar.gz", hash = "sha256:1593124b18a41b7a3da3b078471442e51dbad3d77b4d4f2b0c26ab6f7d660dbf", size = 80981, upload-time = "2024-07-31T22:39:18.854Z" }
wheels = [
    { url = "https://files.pythonhosted.org/packages/27/e3/0e0014d6ab159d48189e92044ace13b1e1fe9aa3024ba9f4e8cf172aa7c2/jinxed-1.3.0-py2.py3-none-any.whl", hash = "sha256:b993189f39dc2d7504d802152671535b06d380b26d78070559551cbf92df4fc5", size = 33085, upload-time = "2024-07-31T22:39:17.426Z" },
]

[[package]]
name = "mccabe"
version = "0.7.0"
source = { registry = "https://pypi.org/simple" }
sdist = { url = "https://files.pythonhosted.org/packages/e7/ff/0ffefdcac38932a54d2b5eed4e0ba8a408f215002cd178ad1df0f2806ff8/mccabe-0.7.0.tar.gz", hash = "sha256:348e0240c33b60bbdf4e523192ef919f28cb2c3d7d5c7794f74009290f236325", size = 9658, upload-time = "2022-01-24T01:14:51.113Z" }
wheels = [
    { url = "https://files.pythonhosted.org/packages/27/1a/1f68f9ba0c207934b35b86a8ca3aad8395a3d6dd7921c0686e23853ff5a9/mccabe-0.7.0-py2.py3-none-any.whl", hash = "sha256:6c2d30ab6be0e4a46919781807b4f0d834ebdd6c6e3dca0bda5a15f863427b6e", size = 7350, upload-time = "2022-01-24T01:14:49.62Z" },
]

[[package]]
name = "mypy"
version = "1.15.0"
source = { registry = "https://pypi.org/simple" }
dependencies = [
    { name = "mypy-extensions" },
    { name = "typing-extensions" },
]
sdist = { url = "https://files.pythonhosted.org/packages/ce/43/d5e49a86afa64bd3839ea0d5b9c7103487007d728e1293f52525d6d5486a/mypy-1.15.0.tar.gz", hash = "sha256:404534629d51d3efea5c800ee7c42b72a6554d6c400e6a79eafe15d11341fd43", size = 3239717, upload-time = "2025-02-05T03:50:34.655Z" }
wheels = [
    { url = "https://files.pythonhosted.org/packages/6a/9b/fd2e05d6ffff24d912f150b87db9e364fa8282045c875654ce7e32fffa66/mypy-1.15.0-cp313-cp313-macosx_10_13_x86_64.whl", hash = "sha256:93faf3fdb04768d44bf28693293f3904bbb555d076b781ad2530214ee53e3445", size = 10788592, upload-time = "2025-02-05T03:48:55.789Z" },
    { url = "https://files.pythonhosted.org/packages/74/37/b246d711c28a03ead1fd906bbc7106659aed7c089d55fe40dd58db812628/mypy-1.15.0-cp313-cp313-macosx_11_0_arm64.whl", hash = "sha256:811aeccadfb730024c5d3e326b2fbe9249bb7413553f15499a4050f7c30e801d", size = 9753611, upload-time = "2025-02-05T03:48:44.581Z" },
    { url = "https://files.pythonhosted.org/packages/a6/ac/395808a92e10cfdac8003c3de9a2ab6dc7cde6c0d2a4df3df1b815ffd067/mypy-1.15.0-cp313-cp313-manylinux_2_17_aarch64.manylinux2014_aarch64.manylinux_2_28_aarch64.whl", hash = "sha256:98b7b9b9aedb65fe628c62a6dc57f6d5088ef2dfca37903a7d9ee374d03acca5", size = 11438443, upload-time = "2025-02-05T03:49:25.514Z" },
    { url = "https://files.pythonhosted.org/packages/d2/8b/801aa06445d2de3895f59e476f38f3f8d610ef5d6908245f07d002676cbf/mypy-1.15.0-cp313-cp313-manylinux_2_17_x86_64.manylinux2014_x86_64.manylinux_2_28_x86_64.whl", hash = "sha256:c43a7682e24b4f576d93072216bf56eeff70d9140241f9edec0c104d0c515036", size = 12402541, upload-time = "2025-02-05T03:49:57.623Z" },
    { url = "https://files.pythonhosted.org/packages/c7/67/5a4268782eb77344cc613a4cf23540928e41f018a9a1ec4c6882baf20ab8/mypy-1.15.0-cp313-cp313-musllinux_1_2_x86_64.whl", hash = "sha256:baefc32840a9f00babd83251560e0ae1573e2f9d1b067719479bfb0e987c6357", size = 12494348, upload-time = "2025-02-05T03:48:52.361Z" },
    { url = "https://files.pythonhosted.org/packages/83/3e/57bb447f7bbbfaabf1712d96f9df142624a386d98fb026a761532526057e/mypy-1.15.0-cp313-cp313-win_amd64.whl", hash = "sha256:b9378e2c00146c44793c98b8d5a61039a048e31f429fb0eb546d93f4b000bedf", size = 9373648, upload-time = "2025-02-05T03:49:11.395Z" },
    { url = "https://files.pythonhosted.org/packages/09/4e/a7d65c7322c510de2c409ff3828b03354a7c43f5a8ed458a7a131b41c7b9/mypy-1.15.0-py3-none-any.whl", hash = "sha256:5469affef548bd1895d86d3bf10ce2b44e33d86923c29e4d675b3e323437ea3e", size = 2221777, upload-time = "2025-02-05T03:50:08.348Z" },
]

[[package]]
name = "mypy-extensions"
version = "1.1.0"
source = { registry = "https://pypi.org/simple" }
sdist = { url = "https://files.pythonhosted.org/packages/a2/6e/371856a3fb9d31ca8dac321cda606860fa4548858c0cc45d9d1d4ca2628b/mypy_extensions-1.1.0.tar.gz", hash = "sha256:52e68efc3284861e772bbcd66823fde5ae21fd2fdb51c62a211403730b916558", size = 6343, upload-time = "2025-04-22T14:54:24.164Z" }
wheels = [
    { url = "https://files.pythonhosted.org/packages/79/7b/2c79738432f5c924bef5071f933bcc9efd0473bac3b4aa584a6f7c1c8df8/mypy_extensions-1.1.0-py3-none-any.whl", hash = "sha256:1be4cccdb0f2482337c4743e60421de3a356cd97508abadd57d47403e94f5505", size = 4963, upload-time = "2025-04-22T14:54:22.983Z" },
]

[[package]]
name = "platformdirs"
version = "4.3.8"
source = { registry = "https://pypi.org/simple" }
sdist = { url = "https://files.pythonhosted.org/packages/fe/8b/3c73abc9c759ecd3f1f7ceff6685840859e8070c4d947c93fae71f6a0bf2/platformdirs-4.3.8.tar.gz", hash = "sha256:3d512d96e16bcb959a814c9f348431070822a6496326a4be0911c40b5a74c2bc", size = 21362, upload-time = "2025-05-07T22:47:42.121Z" }
wheels = [
    { url = "https://files.pythonhosted.org/packages/fe/39/979e8e21520d4e47a0bbe349e2713c0aac6f3d853d0e5b34d76206c439aa/platformdirs-4.3.8-py3-none-any.whl", hash = "sha256:ff7059bb7eb1179e2685604f4aaf157cfd9535242bd23742eadc3c13542139b4", size = 18567, upload-time = "2025-05-07T22:47:40.376Z" },
]

[[package]]
name = "pycodestyle"
version = "2.13.0"
source = { registry = "https://pypi.org/simple" }
sdist = { url = "https://files.pythonhosted.org/packages/04/6e/1f4a62078e4d95d82367f24e685aef3a672abfd27d1a868068fed4ed2254/pycodestyle-2.13.0.tar.gz", hash = "sha256:c8415bf09abe81d9c7f872502a6eee881fbe85d8763dd5b9924bb0a01d67efae", size = 39312, upload-time = "2025-03-29T17:33:30.669Z" }
wheels = [
    { url = "https://files.pythonhosted.org/packages/07/be/b00116df1bfb3e0bb5b45e29d604799f7b91dd861637e4d448b4e09e6a3e/pycodestyle-2.13.0-py2.py3-none-any.whl", hash = "sha256:35863c5974a271c7a726ed228a14a4f6daf49df369d8c50cd9a6f58a5e143ba9", size = 31424, upload-time = "2025-03-29T17:33:29.405Z" },
]

[[package]]
name = "pyflakes"
version = "3.3.2"
source = { registry = "https://pypi.org/simple" }
sdist = { url = "https://files.pythonhosted.org/packages/af/cc/1df338bd7ed1fa7c317081dcf29bf2f01266603b301e6858856d346a12b3/pyflakes-3.3.2.tar.gz", hash = "sha256:6dfd61d87b97fba5dcfaaf781171ac16be16453be6d816147989e7f6e6a9576b", size = 64175, upload-time = "2025-03-31T13:21:20.34Z" }
wheels = [
    { url = "https://files.pythonhosted.org/packages/15/40/b293a4fa769f3b02ab9e387c707c4cbdc34f073f945de0386107d4e669e6/pyflakes-3.3.2-py2.py3-none-any.whl", hash = "sha256:5039c8339cbb1944045f4ee5466908906180f13cc99cc9949348d10f82a5c32a", size = 63164, upload-time = "2025-03-31T13:21:18.503Z" },
]

[[package]]
name = "pylint"
version = "3.3.7"
source = { registry = "https://pypi.org/simple" }
dependencies = [
    { name = "astroid" },
    { name = "colorama", marker = "sys_platform == 'win32'" },
    { name = "dill" },
    { name = "isort" },
    { name = "mccabe" },
    { name = "platformdirs" },
    { name = "tomlkit" },
]
sdist = { url = "https://files.pythonhosted.org/packages/1c/e4/83e487d3ddd64ab27749b66137b26dc0c5b5c161be680e6beffdc99070b3/pylint-3.3.7.tar.gz", hash = "sha256:2b11de8bde49f9c5059452e0c310c079c746a0a8eeaa789e5aa966ecc23e4559", size = 1520709, upload-time = "2025-05-04T17:07:51.089Z" }
wheels = [
    { url = "https://files.pythonhosted.org/packages/e8/83/bff755d09e31b5d25cc7fdc4bf3915d1a404e181f1abf0359af376845c24/pylint-3.3.7-py3-none-any.whl", hash = "sha256:43860aafefce92fca4cf6b61fe199cdc5ae54ea28f9bf4cd49de267b5195803d", size = 522565, upload-time = "2025-05-04T17:07:48.714Z" },
]

[[package]]
name = "readchar"
version = "4.2.1"
source = { registry = "https://pypi.org/simple" }
sdist = { url = "https://files.pythonhosted.org/packages/dd/f8/8657b8cbb4ebeabfbdf991ac40eca8a1d1bd012011bd44ad1ed10f5cb494/readchar-4.2.1.tar.gz", hash = "sha256:91ce3faf07688de14d800592951e5575e9c7a3213738ed01d394dcc949b79adb", size = 9685, upload-time = "2024-11-04T18:28:07.757Z" }
wheels = [
    { url = "https://files.pythonhosted.org/packages/a9/10/e4b1e0e5b6b6745c8098c275b69bc9d73e9542d5c7da4f137542b499ed44/readchar-4.2.1-py3-none-any.whl", hash = "sha256:a769305cd3994bb5fa2764aa4073452dc105a4ec39068ffe6efd3c20c60acc77", size = 9350, upload-time = "2024-11-04T18:28:02.859Z" },
]

[[package]]
name = "runs"
version = "1.2.2"
source = { registry = "https://pypi.org/simple" }
dependencies = [
    { name = "xmod" },
]
sdist = { url = "https://files.pythonhosted.org/packages/26/6d/b9aace390f62db5d7d2c77eafce3d42774f27f1829d24fa9b6f598b3ef71/runs-1.2.2.tar.gz", hash = "sha256:9dc1815e2895cfb3a48317b173b9f1eac9ba5549b36a847b5cc60c3bf82ecef1", size = 5474, upload-time = "2024-01-25T14:44:01.563Z" }
wheels = [
    { url = "https://files.pythonhosted.org/packages/86/d6/17caf2e4af1dec288477a0cbbe4a96fbc9b8a28457dce3f1f452630ce216/runs-1.2.2-py3-none-any.whl", hash = "sha256:0980dcbc25aba1505f307ac4f0e9e92cbd0be2a15a1e983ee86c24c87b839dfd", size = 7033, upload-time = "2024-01-25T14:43:59.959Z" },
]

[[package]]
name = "toml"
version = "0.10.2"
source = { registry = "https://pypi.org/simple" }
sdist = { url = "https://files.pythonhosted.org/packages/be/ba/1f744cdc819428fc6b5084ec34d9b30660f6f9daaf70eead706e3203ec3c/toml-0.10.2.tar.gz", hash = "sha256:b3bda1d108d5dd99f4a20d24d9c348e91c4db7ab1b749200bded2f839ccbe68f", size = 22253, upload-time = "2020-11-01T01:40:22.204Z" }
wheels = [
    { url = "https://files.pythonhosted.org/packages/44/6f/7120676b6d73228c96e17f1f794d8ab046fc910d781c8d151120c3f1569e/toml-0.10.2-py2.py3-none-any.whl", hash = "sha256:806143ae5bfb6a3c6e736a764057db0e6a0e05e338b5630894a5f779cabb4f9b", size = 16588, upload-time = "2020-11-01T01:40:20.672Z" },
]

[[package]]
name = "tomlkit"
version = "0.13.2"
source = { registry = "https://pypi.org/simple" }
sdist = { url = "https://files.pythonhosted.org/packages/b1/09/a439bec5888f00a54b8b9f05fa94d7f901d6735ef4e55dcec9bc37b5d8fa/tomlkit-0.13.2.tar.gz", hash = "sha256:fff5fe59a87295b278abd31bec92c15d9bc4a06885ab12bcea52c71119392e79", size = 192885, upload-time = "2024-08-14T08:19:41.488Z" }
wheels = [
    { url = "https://files.pythonhosted.org/packages/f9/b6/a447b5e4ec71e13871be01ba81f5dfc9d0af7e473da256ff46bc0e24026f/tomlkit-0.13.2-py3-none-any.whl", hash = "sha256:7a974427f6e119197f670fbbbeae7bef749a6c14e793db934baefc1b5f03efde", size = 37955, upload-time = "2024-08-14T08:19:40.05Z" },
]

[[package]]
name = "types-toml"
version = "0.10.8.20240310"
source = { registry = "https://pypi.org/simple" }
sdist = { url = "https://files.pythonhosted.org/packages/86/47/3e4c75042792bff8e90d7991aa5c51812cc668828cc6cce711e97f63a607/types-toml-0.10.8.20240310.tar.gz", hash = "sha256:3d41501302972436a6b8b239c850b26689657e25281b48ff0ec06345b8830331", size = 4392, upload-time = "2024-03-10T02:18:37.518Z" }
wheels = [
    { url = "https://files.pythonhosted.org/packages/da/a2/d32ab58c0b216912638b140ab2170ee4b8644067c293b170e19fba340ccc/types_toml-0.10.8.20240310-py3-none-any.whl", hash = "sha256:627b47775d25fa29977d9c70dc0cbab3f314f32c8d8d0c012f2ef5de7aaec05d", size = 4777, upload-time = "2024-03-10T02:18:36.568Z" },
]

[[package]]
name = "typing-extensions"
version = "4.13.2"
source = { registry = "https://pypi.org/simple" }
sdist = { url = "https://files.pythonhosted.org/packages/f6/37/23083fcd6e35492953e8d2aaaa68b860eb422b34627b13f2ce3eb6106061/typing_extensions-4.13.2.tar.gz", hash = "sha256:e6c81219bd689f51865d9e372991c540bda33a0379d5573cddb9a3a23f7caaef", size = 106967, upload-time = "2025-04-10T14:19:05.416Z" }
wheels = [
    { url = "https://files.pythonhosted.org/packages/8b/54/b1ae86c0973cc6f0210b53d508ca3641fb6d0c56823f288d108bc7ab3cc8/typing_extensions-4.13.2-py3-none-any.whl", hash = "sha256:a439e7c04b49fec3e5d3e2beaa21755cadbbdc391694e28ccdd36ca4a1408f8c", size = 45806, upload-time = "2025-04-10T14:19:03.967Z" },
]

[[package]]
name = "vscodium-prod-patcher"
version = "1.0.3"
source = { editable = "." }
dependencies = [
    { name = "toml" },
]

[package.dev-dependencies]
config-tui = [
    { name = "inquirer" },
]
dev = [
    { name = "flake8" },
    { name = "flake8-2020" },
    { name = "flake8-breakpoint" },
    { name = "flake8-bugbear" },
    { name = "flake8-eradicate" },
    { name = "flake8-executable" },
    { name = "flake8-fixme" },
    { name = "flake8-isort" },
    { name = "flake8-raise" },
    { name = "flake8-simplify" },
    { name = "flake8-super" },
    { name = "isort" },
    { name = "mypy" },
    { name = "pylint" },
    { name = "types-toml" },
]

[package.metadata]
requires-dist = [{ name = "toml", specifier = ">=0.10.2" }]

[package.metadata.requires-dev]
config-tui = [{ name = "inquirer", specifier = ">=3.4.0" }]
dev = [
    { name = "flake8", specifier = ">=7.2.0" },
    { name = "flake8-2020", specifier = ">=1.8.1" },
    { name = "flake8-breakpoint", specifier = ">=1.1.0" },
    { name = "flake8-bugbear", specifier = ">=24.12.12" },
    { name = "flake8-eradicate", specifier = ">=1.5.0" },
    { name = "flake8-executable", specifier = ">=2.1.3" },
    { name = "flake8-fixme", specifier = ">=1.1.1" },
    { name = "flake8-isort", specifier = ">=6.1.2" },
    { name = "flake8-raise", specifier = ">=0.0.5" },
    { name = "flake8-simplify", specifier = ">=0.21.0" },
    { name = "flake8-super", specifier = ">=0.1.3" },
    { name = "isort", specifier = ">=6.0.1" },
    { name = "mypy", specifier = ">=1.15.0" },
    { name = "pylint", specifier = ">=3.3.7" },
    { name = "types-toml", specifier = ">=0.10.8.20240310" },
]

[[package]]
name = "wcwidth"
version = "0.2.13"
source = { registry = "https://pypi.org/simple" }
sdist = { url = "https://files.pythonhosted.org/packages/6c/63/53559446a878410fc5a5974feb13d31d78d752eb18aeba59c7fef1af7598/wcwidth-0.2.13.tar.gz", hash = "sha256:72ea0c06399eb286d978fdedb6923a9eb47e1c486ce63e9b4e64fc18303972b5", size = 101301, upload-time = "2024-01-06T02:10:57.829Z" }
wheels = [
    { url = "https://files.pythonhosted.org/packages/fd/84/fd2ba7aafacbad3c4201d395674fc6348826569da3c0937e75505ead3528/wcwidth-0.2.13-py2.py3-none-any.whl", hash = "sha256:3da69048e4540d84af32131829ff948f1e022c1c6bdb8d6102117aac784f6859", size = 34166, upload-time = "2024-01-06T02:10:55.763Z" },
]

[[package]]
name = "xmod"
version = "1.8.1"
source = { registry = "https://pypi.org/simple" }
sdist = { url = "https://files.pythonhosted.org/packages/72/b2/e3edc608823348e628a919e1d7129e641997afadd946febdd704aecc5881/xmod-1.8.1.tar.gz", hash = "sha256:38c76486b9d672c546d57d8035df0beb7f4a9b088bc3fb2de5431ae821444377", size = 3988, upload-time = "2024-01-04T18:03:17.663Z" }
wheels = [
    { url = "https://files.pythonhosted.org/packages/33/6b/0dc75b64a764ea1cb8e4c32d1fb273c147304d4e5483cd58be482dc62e45/xmod-1.8.1-py3-none-any.whl", hash = "sha256:a24e9458a4853489042522bdca9e50ee2eac5ab75c809a91150a8a7f40670d48", size = 4610, upload-time = "2024-01-04T18:03:16.078Z" },
]
